// !$*UTF8*$!
{
	archiveVersion = 1;
	classes = {
	};
	objectVersion = 46;
	objects = {

/* Begin PBXBuildFile section */
		7C14FD9D1D29982000E476B7 /* MUComputeManager.m in Sources */ = {isa = PBXBuildFile; fileRef = 7C14FD9C1D29982000E476B7 /* MUComputeManager.m */; };
		7C14FDA01D299DDB00E476B7 /* MUComputeContext.h in Sources */ = {isa = PBXBuildFile; fileRef = 7C3701911D18CE050067BC23 /* MUComputeContext.h */; };
		7C14FDA11D299DDB00E476B7 /* MUComputeManager.h in Sources */ = {isa = PBXBuildFile; fileRef = 7C14FD9F1D29990F00E476B7 /* MUComputeManager.h */; };
		7C14FDA21D299DDB00E476B7 /* MUResourceManager.h in Sources */ = {isa = PBXBuildFile; fileRef = 7C3701941D18D0CB0067BC23 /* MUResourceManager.h */; };
		7C14FDA51D2A163C00E476B7 /* MUTexture.m in Sources */ = {isa = PBXBuildFile; fileRef = 7C14FDA41D2A163C00E476B7 /* MUTexture.m */; };
		7C14FDA71D2AF24400E476B7 /* Shaders.metal in Sources */ = {isa = PBXBuildFile; fileRef = 7C14FDA61D2AF24400E476B7 /* Shaders.metal */; };
		7C14FDA81D2AFA4C00E476B7 /* MetalUnity.m in Sources */ = {isa = PBXBuildFile; fileRef = 7C37017F1D18CD530067BC23 /* MetalUnity.m */; };
		7C37017E1D18CD530067BC23 /* MetalUnity.h in CopyFiles */ = {isa = PBXBuildFile; fileRef = 7C37017D1D18CD530067BC23 /* MetalUnity.h */; };
		7C3701871D18CD7D0067BC23 /* Foundation.framework in Frameworks */ = {isa = PBXBuildFile; fileRef = 7C3701861D18CD7D0067BC23 /* Foundation.framework */; };
		7C3701891D18CD820067BC23 /* Metal.framework in Frameworks */ = {isa = PBXBuildFile; fileRef = 7C3701881D18CD820067BC23 /* Metal.framework */; };
		7C37018B1D18CD880067BC23 /* CoreImage.framework in Frameworks */ = {isa = PBXBuildFile; fileRef = 7C37018A1D18CD880067BC23 /* CoreImage.framework */; };
		7C3701901D18CDF70067BC23 /* MUComputeContext.m in Sources */ = {isa = PBXBuildFile; fileRef = 7C37018F1D18CDF70067BC23 /* MUComputeContext.m */; };
		7C3701931D18D0BD0067BC23 /* MUResourceManager.m in Sources */ = {isa = PBXBuildFile; fileRef = 7C3701921D18D0BD0067BC23 /* MUResourceManager.m */; };
/* End PBXBuildFile section */

/* Begin PBXCopyFilesBuildPhase section */
		7C3701781D18CD530067BC23 /* CopyFiles */ = {
			isa = PBXCopyFilesBuildPhase;
			buildActionMask = 2147483647;
			dstPath = "include/$(PRODUCT_NAME)";
			dstSubfolderSpec = 16;
			files = (
				7C37017E1D18CD530067BC23 /* MetalUnity.h in CopyFiles */,
			);
			runOnlyForDeploymentPostprocessing = 0;
		};
/* End PBXCopyFilesBuildPhase section */

/* Begin PBXFileReference section */
		7C14FD9C1D29982000E476B7 /* MUComputeManager.m */ = {isa = PBXFileReference; fileEncoding = 4; lastKnownFileType = sourcecode.c.objc; path = MUComputeManager.m; sourceTree = "<group>"; };
		7C14FD9F1D29990F00E476B7 /* MUComputeManager.h */ = {isa = PBXFileReference; fileEncoding = 4; lastKnownFileType = sourcecode.c.h; path = MUComputeManager.h; sourceTree = "<group>"; };
		7C14FDA31D2A163000E476B7 /* MUTexture.h */ = {isa = PBXFileReference; fileEncoding = 4; lastKnownFileType = sourcecode.c.h; path = MUTexture.h; sourceTree = "<group>"; };
		7C14FDA41D2A163C00E476B7 /* MUTexture.m */ = {isa = PBXFileReference; fileEncoding = 4; lastKnownFileType = sourcecode.c.objc; path = MUTexture.m; sourceTree = "<group>"; };
		7C14FDA61D2AF24400E476B7 /* Shaders.metal */ = {isa = PBXFileReference; fileEncoding = 4; lastKnownFileType = sourcecode.metal; name = Shaders.metal; path = ../Shaders.metal; sourceTree = "<group>"; };
		7C37017A1D18CD530067BC23 /* libMetalUnity.a */ = {isa = PBXFileReference; explicitFileType = archive.ar; includeInIndex = 0; path = libMetalUnity.a; sourceTree = BUILT_PRODUCTS_DIR; };
		7C37017D1D18CD530067BC23 /* MetalUnity.h */ = {isa = PBXFileReference; lastKnownFileType = sourcecode.c.h; path = MetalUnity.h; sourceTree = "<group>"; };
		7C37017F1D18CD530067BC23 /* MetalUnity.m */ = {isa = PBXFileReference; explicitFileType = sourcecode.cpp.objcpp; path = MetalUnity.m; sourceTree = "<group>"; };
		7C3701861D18CD7D0067BC23 /* Foundation.framework */ = {isa = PBXFileReference; lastKnownFileType = wrapper.framework; name = Foundation.framework; path = System/Library/Frameworks/Foundation.framework; sourceTree = SDKROOT; };
		7C3701881D18CD820067BC23 /* Metal.framework */ = {isa = PBXFileReference; lastKnownFileType = wrapper.framework; name = Metal.framework; path = System/Library/Frameworks/Metal.framework; sourceTree = SDKROOT; };
		7C37018A1D18CD880067BC23 /* CoreImage.framework */ = {isa = PBXFileReference; lastKnownFileType = wrapper.framework; name = CoreImage.framework; path = System/Library/Frameworks/CoreImage.framework; sourceTree = SDKROOT; };
		7C37018F1D18CDF70067BC23 /* MUComputeContext.m */ = {isa = PBXFileReference; fileEncoding = 4; lastKnownFileType = sourcecode.c.objc; path = MUComputeContext.m; sourceTree = "<group>"; };
		7C3701911D18CE050067BC23 /* MUComputeContext.h */ = {isa = PBXFileReference; fileEncoding = 4; lastKnownFileType = sourcecode.c.h; path = MUComputeContext.h; sourceTree = "<group>"; };
		7C3701921D18D0BD0067BC23 /* MUResourceManager.m */ = {isa = PBXFileReference; fileEncoding = 4; lastKnownFileType = sourcecode.c.objc; path = MUResourceManager.m; sourceTree = "<group>"; };
		7C3701941D18D0CB0067BC23 /* MUResourceManager.h */ = {isa = PBXFileReference; fileEncoding = 4; lastKnownFileType = sourcecode.c.h; path = MUResourceManager.h; sourceTree = "<group>"; };
/* End PBXFileReference section */

/* Begin PBXFrameworksBuildPhase section */
		7C3701771D18CD530067BC23 /* Frameworks */ = {
			isa = PBXFrameworksBuildPhase;
			buildActionMask = 2147483647;
			files = (
				7C37018B1D18CD880067BC23 /* CoreImage.framework in Frameworks */,
				7C3701891D18CD820067BC23 /* Metal.framework in Frameworks */,
				7C3701871D18CD7D0067BC23 /* Foundation.framework in Frameworks */,
			);
			runOnlyForDeploymentPostprocessing = 0;
		};
/* End PBXFrameworksBuildPhase section */

/* Begin PBXGroup section */
		7C3701711D18CD530067BC23 = {
			isa = PBXGroup;
			children = (
				7C37017C1D18CD530067BC23 /* MetalUnity */,
				7C37017B1D18CD530067BC23 /* Products */,
				7C37018C1D18CD8F0067BC23 /* Frameworks */,
			);
			sourceTree = "<group>";
		};
		7C37017B1D18CD530067BC23 /* Products */ = {
			isa = PBXGroup;
			children = (
				7C37017A1D18CD530067BC23 /* libMetalUnity.a */,
			);
			name = Products;
			sourceTree = "<group>";
		};
		7C37017C1D18CD530067BC23 /* MetalUnity */ = {
			isa = PBXGroup;
			children = (
				7C37018D1D18CD9C0067BC23 /* Core */,
				7C37017D1D18CD530067BC23 /* MetalUnity.h */,
				7C37017F1D18CD530067BC23 /* MetalUnity.m */,
			);
			path = MetalUnity;
			sourceTree = "<group>";
		};
		7C37018C1D18CD8F0067BC23 /* Frameworks */ = {
			isa = PBXGroup;
			children = (
				7C37018A1D18CD880067BC23 /* CoreImage.framework */,
				7C3701881D18CD820067BC23 /* Metal.framework */,
				7C3701861D18CD7D0067BC23 /* Foundation.framework */,
			);
			name = Frameworks;
			sourceTree = "<group>";
		};
		7C37018D1D18CD9C0067BC23 /* Core */ = {
			isa = PBXGroup;
			children = (
				7C3701911D18CE050067BC23 /* MUComputeContext.h */,
				7C37018F1D18CDF70067BC23 /* MUComputeContext.m */,
				7C14FD9F1D29990F00E476B7 /* MUComputeManager.h */,
				7C14FD9C1D29982000E476B7 /* MUComputeManager.m */,
				7C3701941D18D0CB0067BC23 /* MUResourceManager.h */,
				7C3701921D18D0BD0067BC23 /* MUResourceManager.m */,
				7C14FDA31D2A163000E476B7 /* MUTexture.h */,
				7C14FDA41D2A163C00E476B7 /* MUTexture.m */,
				7C14FDA61D2AF24400E476B7 /* Shaders.metal */,
			);
			name = Core;
			sourceTree = "<group>";
		};
/* End PBXGroup section */

/* Begin PBXNativeTarget section */
		7C3701791D18CD530067BC23 /* MetalUnity */ = {
			isa = PBXNativeTarget;
			buildConfigurationList = 7C3701831D18CD530067BC23 /* Build configuration list for PBXNativeTarget "MetalUnity" */;
			buildPhases = (
				7C3701761D18CD530067BC23 /* Sources */,
				7C3701771D18CD530067BC23 /* Frameworks */,
				7C3701781D18CD530067BC23 /* CopyFiles */,
			);
			buildRules = (
			);
			dependencies = (
			);
			name = MetalUnity;
			productName = MetalUnity;
			productReference = 7C37017A1D18CD530067BC23 /* libMetalUnity.a */;
			productType = "com.apple.product-type.library.static";
		};
/* End PBXNativeTarget section */

/* Begin PBXProject section */
		7C3701721D18CD530067BC23 /* Project object */ = {
			isa = PBXProject;
			attributes = {
				LastUpgradeCheck = 0730;
				ORGANIZATIONNAME = "Tyler Payne";
				TargetAttributes = {
					7C3701791D18CD530067BC23 = {
						CreatedOnToolsVersion = 7.3;
					};
				};
			};
			buildConfigurationList = 7C3701751D18CD530067BC23 /* Build configuration list for PBXProject "MetalUnity" */;
			compatibilityVersion = "Xcode 3.2";
			developmentRegion = English;
			hasScannedForEncodings = 0;
			knownRegions = (
				en,
			);
			mainGroup = 7C3701711D18CD530067BC23;
			productRefGroup = 7C37017B1D18CD530067BC23 /* Products */;
			projectDirPath = "";
			projectRoot = "";
			targets = (
				7C3701791D18CD530067BC23 /* MetalUnity */,
			);
		};
/* End PBXProject section */

/* Begin PBXSourcesBuildPhase section */
		7C3701761D18CD530067BC23 /* Sources */ = {
			isa = PBXSourcesBuildPhase;
			buildActionMask = 2147483647;
			files = (
				7C14FDA71D2AF24400E476B7 /* Shaders.metal in Sources */,
				7C14FDA01D299DDB00E476B7 /* MUComputeContext.h in Sources */,
				7C14FDA51D2A163C00E476B7 /* MUTexture.m in Sources */,
				7C14FDA11D299DDB00E476B7 /* MUComputeManager.h in Sources */,
				7C14FDA21D299DDB00E476B7 /* MUResourceManager.h in Sources */,
				7C3701931D18D0BD0067BC23 /* MUResourceManager.m in Sources */,
				7C3701901D18CDF70067BC23 /* MUComputeContext.m in Sources */,
				7C14FD9D1D29982000E476B7 /* MUComputeManager.m in Sources */,
				7C14FDA81D2AFA4C00E476B7 /* MetalUnity.m in Sources */,
			);
			runOnlyForDeploymentPostprocessing = 0;
		};
/* End PBXSourcesBuildPhase section */

/* Begin XCBuildConfiguration section */
		7C3701811D18CD530067BC23 /* Debug */ = {
			isa = XCBuildConfiguration;
			buildSettings = {
				ALWAYS_SEARCH_USER_PATHS = NO;
				CLANG_ANALYZER_NONNULL = YES;
				CLANG_CXX_LANGUAGE_STANDARD = "gnu++0x";
				CLANG_CXX_LIBRARY = "libc++";
				CLANG_ENABLE_MODULES = YES;
				CLANG_ENABLE_OBJC_ARC = YES;
				CLANG_WARN_BOOL_CONVERSION = YES;
				CLANG_WARN_CONSTANT_CONVERSION = YES;
				CLANG_WARN_DIRECT_OBJC_ISA_USAGE = YES_ERROR;
				CLANG_WARN_EMPTY_BODY = YES;
				CLANG_WARN_ENUM_CONVERSION = YES;
				CLANG_WARN_INT_CONVERSION = YES;
				CLANG_WARN_OBJC_ROOT_CLASS = YES_ERROR;
				CLANG_WARN_UNREACHABLE_CODE = YES;
				CLANG_WARN__DUPLICATE_METHOD_MATCH = YES;
				"CODE_SIGN_IDENTITY[sdk=iphoneos*]" = "iPhone Developer";
				COPY_PHASE_STRIP = NO;
				DEBUG_INFORMATION_FORMAT = dwarf;
				ENABLE_STRICT_OBJC_MSGSEND = YES;
				ENABLE_TESTABILITY = YES;
				GCC_C_LANGUAGE_STANDARD = gnu99;
				GCC_DYNAMIC_NO_PIC = NO;
				GCC_NO_COMMON_BLOCKS = YES;
				GCC_OPTIMIZATION_LEVEL = 0;
				GCC_PREPROCESSOR_DEFINITIONS = (
					"DEBUG=1",
					"$(inherited)",
				);
				GCC_WARN_64_TO_32_BIT_CONVERSION = YES;
				GCC_WARN_ABOUT_RETURN_TYPE = YES_ERROR;
				GCC_WARN_UNDECLARED_SELECTOR = YES;
				GCC_WARN_UNINITIALIZED_AUTOS = YES_AGGRESSIVE;
				GCC_WARN_UNUSED_FUNCTION = YES;
				GCC_WARN_UNUSED_VARIABLE = YES;
				IPHONEOS_DEPLOYMENT_TARGET = 9.3;
				MTL_ENABLE_DEBUG_INFO = YES;
				ONLY_ACTIVE_ARCH = NO;
				SDKROOT = iphoneos;
			};
			name = Debug;
		};
		7C3701821D18CD530067BC23 /* Release */ = {
			isa = XCBuildConfiguration;
			buildSettings = {
				ALWAYS_SEARCH_USER_PATHS = NO;
				CLANG_ANALYZER_NONNULL = YES;
				CLANG_CXX_LANGUAGE_STANDARD = "gnu++0x";
				CLANG_CXX_LIBRARY = "libc++";
				CLANG_ENABLE_MODULES = YES;
				CLANG_ENABLE_OBJC_ARC = YES;
				CLANG_WARN_BOOL_CONVERSION = YES;
				CLANG_WARN_CONSTANT_CONVERSION = YES;
				CLANG_WARN_DIRECT_OBJC_ISA_USAGE = YES_ERROR;
				CLANG_WARN_EMPTY_BODY = YES;
				CLANG_WARN_ENUM_CONVERSION = YES;
				CLANG_WARN_INT_CONVERSION = YES;
				CLANG_WARN_OBJC_ROOT_CLASS = YES_ERROR;
				CLANG_WARN_UNREACHABLE_CODE = YES;
				CLANG_WARN__DUPLICATE_METHOD_MATCH = YES;
				"CODE_SIGN_IDENTITY[sdk=iphoneos*]" = "iPhone Developer";
				COPY_PHASE_STRIP = NO;
				DEBUG_INFORMATION_FORMAT = "dwarf-with-dsym";
				ENABLE_NS_ASSERTIONS = NO;
				ENABLE_STRICT_OBJC_MSGSEND = YES;
				GCC_C_LANGUAGE_STANDARD = gnu99;
				GCC_NO_COMMON_BLOCKS = YES;
				GCC_WARN_64_TO_32_BIT_CONVERSION = YES;
				GCC_WARN_ABOUT_RETURN_TYPE = YES_ERROR;
				GCC_WARN_UNDECLARED_SELECTOR = YES;
				GCC_WARN_UNINITIALIZED_AUTOS = YES_AGGRESSIVE;
				GCC_WARN_UNUSED_FUNCTION = YES;
				GCC_WARN_UNUSED_VARIABLE = YES;
				IPHONEOS_DEPLOYMENT_TARGET = 9.3;
				MTL_ENABLE_DEBUG_INFO = NO;
				ONLY_ACTIVE_ARCH = YES;
				SDKROOT = iphoneos;
				VALIDATE_PRODUCT = YES;
			};
			name = Release;
		};
		7C3701841D18CD530067BC23 /* Debug */ = {
			isa = XCBuildConfiguration;
			buildSettings = {
				ONLY_ACTIVE_ARCH = YES;
				OTHER_LDFLAGS = "-ObjC";
				PRODUCT_NAME = "$(TARGET_NAME)";
				SKIP_INSTALL = YES;
			};
			name = Debug;
		};
		7C3701851D18CD530067BC23 /* Release */ = {
			isa = XCBuildConfiguration;
			buildSettings = {
				ONLY_ACTIVE_ARCH = YES;
				OTHER_LDFLAGS = "-ObjC";
				PRODUCT_NAME = "$(TARGET_NAME)";
				SKIP_INSTALL = YES;
			};
			name = Release;
		};
/* End XCBuildConfiguration section */

/* Begin XCConfigurationList section */
		7C3701751D18CD530067BC23 /* Build configuration list for PBXProject "MetalUnity" */ = {
			isa = XCConfigurationList;
			buildConfigurations = (
				7C3701811D18CD530067BC23 /* Debug */,
				7C3701821D18CD530067BC23 /* Release */,
			);
			defaultConfigurationIsVisible = 0;
			defaultConfigurationName = Release;
		};
		7C3701831D18CD530067BC23 /* Build configuration list for PBXNativeTarget "MetalUnity" */ = {
			isa = XCConfigurationList;
			buildConfigurations = (
				7C3701841D18CD530067BC23 /* Debug */,
				7C3701851D18CD530067BC23 /* Release */,
			);
			defaultConfigurationIsVisible = 0;
			defaultConfigurationName = Release;
		};
/* End XCConfigurationList section */
	};
	rootObject = 7C3701721D18CD530067BC23 /* Project object */;
}
